
Microsoft Visual Studio Solution File, Format Version 12.00
# Visual Studio Version 17
VisualStudioVersion = 17.14.36429.23
MinimumVisualStudioVersion = 10.0.40219.1
Project("{2150E333-8FDC-42A3-9474-1A3956D46DE8}") = "Task0", "Task0", "{02EA681E-C7D8-13C7-8484-4AC65E1B71E8}"
EndProject
Project("{FAE04EC0-301F-11D3-BF4B-00C04F79EFBC}") = "Tyuiu.VariiMN.Sprint5.Task0.V28", "Tyuiu.VariiMN.Sprint5.Task0.V28\Tyuiu.VariiMN.Sprint5.Task0.V28.csproj", "{CB7AC9E0-E7BC-47A0-AC95-57376D96DF06}"
EndProject
Project("{FAE04EC0-301F-11D3-BF4B-00C04F79EFBC}") = "Tyuiu.VariiMN.Sprint5.Task0.V28.Lib", "Tyuiu.VariiMN.Sprint5.Task0.V28.Lib\Tyuiu.VariiMN.Sprint5.Task0.V28.Lib.csproj", "{1B7B9BB6-74A0-4C40-9F11-40B7A3B5396C}"
EndProject
Project("{FAE04EC0-301F-11D3-BF4B-00C04F79EFBC}") = "Tyuiu.VariiMN.Sprint5.Task0.V28.Test", "Tyuiu.VariiMN.Sprint5.Task0.V28.Test\Tyuiu.VariiMN.Sprint5.Task0.V28.Test.csproj", "{240BD508-4232-40DB-9994-6B368F5846A4}"
EndProject
Project("{2150E333-8FDC-42A3-9474-1A3956D46DE8}") = "Task1", "Task1", "{67C4BC84-189D-44E2-997C-34CD25308309}"
EndProject
Project("{FAE04EC0-301F-11D3-BF4B-00C04F79EFBC}") = "Tyuiu.VariiMN.Sprint5.Task1.V25", "Tyuiu.VariiMN.Sprint5.Task1.V25\Tyuiu.VariiMN.Sprint5.Task1.V25.csproj", "{BC28F87A-C0CF-47ED-848B-725161CEB386}"
EndProject
Project("{FAE04EC0-301F-11D3-BF4B-00C04F79EFBC}") = "Tyuiu.VariiMN.Sprint5.Task1.V25.Test", "Tyuiu.VariiMN.Sprint5.Task1.V25.Test\Tyuiu.VariiMN.Sprint5.Task1.V25.Test.csproj", "{C5F6D0D7-FBE1-47FF-98D3-E4BAE278E46D}"
EndProject
Project("{FAE04EC0-301F-11D3-BF4B-00C04F79EFBC}") = "Tyuiu.VariiMN.Sprint5.Task1.V25.Lib", "Tyuiu.VariiMN.Sprint5.Task1.V25.Lib\Tyuiu.VariiMN.Sprint5.Task1.V25.Lib.csproj", "{5CC3BF39-173F-4CAB-AFDB-8CD12F04887B}"
EndProject
Project("{2150E333-8FDC-42A3-9474-1A3956D46DE8}") = "Task2", "Task2", "{534787B3-FD30-4AAE-B612-20D366CC3FE7}"
EndProject
Project("{FAE04EC0-301F-11D3-BF4B-00C04F79EFBC}") = "Tyuiu.VariiMN.Sprint5.Task2.V20", "Tyuiu.VariiMN.Sprint5.Task2.V20\Tyuiu.VariiMN.Sprint5.Task2.V20.csproj", "{0E07442D-C7CB-4E05-AEFC-01816663B832}"
EndProject
Project("{FAE04EC0-301F-11D3-BF4B-00C04F79EFBC}") = "Tyuiu.VariiMN.Sprint5.Task2.V20.Lib", "Tyuiu.VariiMN.Sprint5.Task2.V20.Lib\Tyuiu.VariiMN.Sprint5.Task2.V20.Lib.csproj", "{F1374283-37BA-458B-89B1-CD9BE7F74BEE}"
EndProject
Project("{FAE04EC0-301F-11D3-BF4B-00C04F79EFBC}") = "Tyuiu.VariiMN.Sprint5.Task2.V20.Test", "Tyuiu.VariiMN.Sprint5.Task2.V20.Test\Tyuiu.VariiMN.Sprint5.Task2.V20.Test.csproj", "{BD8185BD-DB93-4CB3-8DAB-CAB327A72DDE}"
EndProject
Project("{2150E333-8FDC-42A3-9474-1A3956D46DE8}") = "Task3", "Task3", "{2DE41C93-63BA-4C26-ACF6-CE8D165C9EAA}"
EndProject
Project("{FAE04EC0-301F-11D3-BF4B-00C04F79EFBC}") = "Tyuiu.VariiMN.Sprint5.Task3.V18", "Tyuiu.VariiMN.Sprint5.Task3.V18\Tyuiu.VariiMN.Sprint5.Task3.V18.csproj", "{ED92F4CA-61E7-47DB-B29E-B7ECD3201F32}"
EndProject
Project("{FAE04EC0-301F-11D3-BF4B-00C04F79EFBC}") = "Tyuiu.VariiMN.Sprint5.Task3.V18.Lib", "Tyuiu.VariiMN.Sprint5.Task3.V18.Lib\Tyuiu.VariiMN.Sprint5.Task3.V18.Lib.csproj", "{17F6849C-7E65-4A34-84B2-63985626A777}"
EndProject
Project("{FAE04EC0-301F-11D3-BF4B-00C04F79EFBC}") = "Tyuiu.VariiMN.Sprint5.Task3.V18.Test", "Tyuiu.VariiMN.Sprint5.Task3.V18.Test\Tyuiu.VariiMN.Sprint5.Task3.V18.Test.csproj", "{01A7D9BD-BD96-41D9-A813-1B026460DBE4}"
EndProject
Project("{2150E333-8FDC-42A3-9474-1A3956D46DE8}") = "Task4", "Task4", "{EB6F5268-01B5-4827-A8EB-9CD913E8927A}"
EndProject
Project("{FAE04EC0-301F-11D3-BF4B-00C04F79EFBC}") = "Tyuiu.VariiMN.Sprint5.Task4.V23", "Tyuiu.VariiMN.Sprint5.Task4.V23\Tyuiu.VariiMN.Sprint5.Task4.V23.csproj", "{21442A51-2DD1-455B-82B9-8C70DB55C7B2}"
EndProject
Project("{FAE04EC0-301F-11D3-BF4B-00C04F79EFBC}") = "Tyuiu.VariiMN.Sprint5.Task4.V23.Test", "Tyuiu.VariiMN.Sprint5.Task4.V23.Test\Tyuiu.VariiMN.Sprint5.Task4.V23.Test.csproj", "{2B2AEBC0-3AE0-494E-AFB0-A15B925958B5}"
EndProject
Project("{FAE04EC0-301F-11D3-BF4B-00C04F79EFBC}") = "Tyuiu.VariiMN.Sprint5.Task4.V23.Lib", "Tyuiu.VariiMN.Sprint5.Task4.V23.Lib\Tyuiu.VariiMN.Sprint5.Task4.V23.Lib.csproj", "{DFBD4D2A-CC43-48B3-A1BE-999984977C3E}"
EndProject
Project("{2150E333-8FDC-42A3-9474-1A3956D46DE8}") = "Task5", "Task5", "{DD78B3C8-2D47-42A3-A83B-4C372FF4BAB9}"
EndProject
Project("{FAE04EC0-301F-11D3-BF4B-00C04F79EFBC}") = "Tyuiu.VariiMN.Sprint5.Task5.V11", "Tyuiu.VariiMN.Sprint5.Task5.V11\Tyuiu.VariiMN.Sprint5.Task5.V11.csproj", "{D7E09221-4DC2-4DCC-95E4-B68A238C9840}"
EndProject
Project("{FAE04EC0-301F-11D3-BF4B-00C04F79EFBC}") = "Tyuiu.VariiMN.Sprint5.Task5.V11.Lib", "Tyuiu.VariiMN.Sprint5.Task5.V11.Lib\Tyuiu.VariiMN.Sprint5.Task5.V11.Lib.csproj", "{3DC79A28-E291-4F8D-AAF0-1BBDDFA100A4}"
EndProject
Project("{FAE04EC0-301F-11D3-BF4B-00C04F79EFBC}") = "Tyuiu.VariiMN.Sprint5.Task5.V11.Test", "Tyuiu.VariiMN.Sprint5.Task5.V11.Test\Tyuiu.VariiMN.Sprint5.Task5.V11.Test.csproj", "{8EA28009-DCF0-4DBF-BA2B-97B22E6C988A}"
EndProject
Project("{2150E333-8FDC-42A3-9474-1A3956D46DE8}") = "Task6", "Task6", "{81A34907-0E60-4AE3-885B-97BC5C70DB43}"
EndProject
Project("{FAE04EC0-301F-11D3-BF4B-00C04F79EFBC}") = "Tyuiu.VariiMN.Sprint5.Task6.V22", "Tyuiu.VariiMN.Sprint5.Task6.V22\Tyuiu.VariiMN.Sprint5.Task6.V22.csproj", "{5729E52D-7217-4FEE-9274-E94351ACFB6A}"
EndProject
Project("{FAE04EC0-301F-11D3-BF4B-00C04F79EFBC}") = "Tyuiu.VariiMN.Sprint5.Task6.V22.Test", "Tyuiu.VariiMN.Sprint5.Task6.V22.Test\Tyuiu.VariiMN.Sprint5.Task6.V22.Test.csproj", "{4311D7D4-667C-438B-A47F-7A08D3295B65}"
EndProject
Project("{FAE04EC0-301F-11D3-BF4B-00C04F79EFBC}") = "Tyuiu.VariiMN.Sprint5.Task6.V22.Lib", "Tyuiu.VariiMN.Sprint5.Task6.V22.Lib\Tyuiu.VariiMN.Sprint5.Task6.V22.Lib.csproj", "{D8449F64-4B54-4321-B1E5-A1CF1B7100EF}"
EndProject
Global
	GlobalSection(SolutionConfigurationPlatforms) = preSolution
		Debug|Any CPU = Debug|Any CPU
		Release|Any CPU = Release|Any CPU
	EndGlobalSection
	GlobalSection(ProjectConfigurationPlatforms) = postSolution
		{CB7AC9E0-E7BC-47A0-AC95-57376D96DF06}.Debug|Any CPU.ActiveCfg = Debug|Any CPU
		{CB7AC9E0-E7BC-47A0-AC95-57376D96DF06}.Debug|Any CPU.Build.0 = Debug|Any CPU
		{CB7AC9E0-E7BC-47A0-AC95-57376D96DF06}.Release|Any CPU.ActiveCfg = Release|Any CPU
		{CB7AC9E0-E7BC-47A0-AC95-57376D96DF06}.Release|Any CPU.Build.0 = Release|Any CPU
		{1B7B9BB6-74A0-4C40-9F11-40B7A3B5396C}.Debug|Any CPU.ActiveCfg = Debug|Any CPU
		{1B7B9BB6-74A0-4C40-9F11-40B7A3B5396C}.Debug|Any CPU.Build.0 = Debug|Any CPU
		{1B7B9BB6-74A0-4C40-9F11-40B7A3B5396C}.Release|Any CPU.ActiveCfg = Release|Any CPU
		{1B7B9BB6-74A0-4C40-9F11-40B7A3B5396C}.Release|Any CPU.Build.0 = Release|Any CPU
		{240BD508-4232-40DB-9994-6B368F5846A4}.Debug|Any CPU.ActiveCfg = Debug|Any CPU
		{240BD508-4232-40DB-9994-6B368F5846A4}.Debug|Any CPU.Build.0 = Debug|Any CPU
		{240BD508-4232-40DB-9994-6B368F5846A4}.Release|Any CPU.ActiveCfg = Release|Any CPU
		{240BD508-4232-40DB-9994-6B368F5846A4}.Release|Any CPU.Build.0 = Release|Any CPU
		{BC28F87A-C0CF-47ED-848B-725161CEB386}.Debug|Any CPU.ActiveCfg = Debug|Any CPU
		{BC28F87A-C0CF-47ED-848B-725161CEB386}.Debug|Any CPU.Build.0 = Debug|Any CPU
		{BC28F87A-C0CF-47ED-848B-725161CEB386}.Release|Any CPU.ActiveCfg = Release|Any CPU
		{BC28F87A-C0CF-47ED-848B-725161CEB386}.Release|Any CPU.Build.0 = Release|Any CPU
		{C5F6D0D7-FBE1-47FF-98D3-E4BAE278E46D}.Debug|Any CPU.ActiveCfg = Debug|Any CPU
		{C5F6D0D7-FBE1-47FF-98D3-E4BAE278E46D}.Debug|Any CPU.Build.0 = Debug|Any CPU
		{C5F6D0D7-FBE1-47FF-98D3-E4BAE278E46D}.Release|Any CPU.ActiveCfg = Release|Any CPU
		{C5F6D0D7-FBE1-47FF-98D3-E4BAE278E46D}.Release|Any CPU.Build.0 = Release|Any CPU
		{5CC3BF39-173F-4CAB-AFDB-8CD12F04887B}.Debug|Any CPU.ActiveCfg = Debug|Any CPU
		{5CC3BF39-173F-4CAB-AFDB-8CD12F04887B}.Debug|Any CPU.Build.0 = Debug|Any CPU
		{5CC3BF39-173F-4CAB-AFDB-8CD12F04887B}.Release|Any CPU.ActiveCfg = Release|Any CPU
		{5CC3BF39-173F-4CAB-AFDB-8CD12F04887B}.Release|Any CPU.Build.0 = Release|Any CPU
		{0E07442D-C7CB-4E05-AEFC-01816663B832}.Debug|Any CPU.ActiveCfg = Debug|Any CPU
		{0E07442D-C7CB-4E05-AEFC-01816663B832}.Debug|Any CPU.Build.0 = Debug|Any CPU
		{0E07442D-C7CB-4E05-AEFC-01816663B832}.Release|Any CPU.ActiveCfg = Release|Any CPU
		{0E07442D-C7CB-4E05-AEFC-01816663B832}.Release|Any CPU.Build.0 = Release|Any CPU
		{F1374283-37BA-458B-89B1-CD9BE7F74BEE}.Debug|Any CPU.ActiveCfg = Debug|Any CPU
		{F1374283-37BA-458B-89B1-CD9BE7F74BEE}.Debug|Any CPU.Build.0 = Debug|Any CPU
		{F1374283-37BA-458B-89B1-CD9BE7F74BEE}.Release|Any CPU.ActiveCfg = Release|Any CPU
		{F1374283-37BA-458B-89B1-CD9BE7F74BEE}.Release|Any CPU.Build.0 = Release|Any CPU
		{BD8185BD-DB93-4CB3-8DAB-CAB327A72DDE}.Debug|Any CPU.ActiveCfg = Debug|Any CPU
		{BD8185BD-DB93-4CB3-8DAB-CAB327A72DDE}.Debug|Any CPU.Build.0 = Debug|Any CPU
		{BD8185BD-DB93-4CB3-8DAB-CAB327A72DDE}.Release|Any CPU.ActiveCfg = Release|Any CPU
		{BD8185BD-DB93-4CB3-8DAB-CAB327A72DDE}.Release|Any CPU.Build.0 = Release|Any CPU
		{ED92F4CA-61E7-47DB-B29E-B7ECD3201F32}.Debug|Any CPU.ActiveCfg = Debug|Any CPU
		{ED92F4CA-61E7-47DB-B29E-B7ECD3201F32}.Debug|Any CPU.Build.0 = Debug|Any CPU
		{ED92F4CA-61E7-47DB-B29E-B7ECD3201F32}.Release|Any CPU.ActiveCfg = Release|Any CPU
		{ED92F4CA-61E7-47DB-B29E-B7ECD3201F32}.Release|Any CPU.Build.0 = Release|Any CPU
		{17F6849C-7E65-4A34-84B2-63985626A777}.Debug|Any CPU.ActiveCfg = Debug|Any CPU
		{17F6849C-7E65-4A34-84B2-63985626A777}.Debug|Any CPU.Build.0 = Debug|Any CPU
		{17F6849C-7E65-4A34-84B2-63985626A777}.Release|Any CPU.ActiveCfg = Release|Any CPU
		{17F6849C-7E65-4A34-84B2-63985626A777}.Release|Any CPU.Build.0 = Release|Any CPU
		{01A7D9BD-BD96-41D9-A813-1B026460DBE4}.Debug|Any CPU.ActiveCfg = Debug|Any CPU
		{01A7D9BD-BD96-41D9-A813-1B026460DBE4}.Debug|Any CPU.Build.0 = Debug|Any CPU
		{01A7D9BD-BD96-41D9-A813-1B026460DBE4}.Release|Any CPU.ActiveCfg = Release|Any CPU
		{01A7D9BD-BD96-41D9-A813-1B026460DBE4}.Release|Any CPU.Build.0 = Release|Any CPU
		{21442A51-2DD1-455B-82B9-8C70DB55C7B2}.Debug|Any CPU.ActiveCfg = Debug|Any CPU
		{21442A51-2DD1-455B-82B9-8C70DB55C7B2}.Debug|Any CPU.Build.0 = Debug|Any CPU
		{21442A51-2DD1-455B-82B9-8C70DB55C7B2}.Release|Any CPU.ActiveCfg = Release|Any CPU
		{21442A51-2DD1-455B-82B9-8C70DB55C7B2}.Release|Any CPU.Build.0 = Release|Any CPU
		{2B2AEBC0-3AE0-494E-AFB0-A15B925958B5}.Debug|Any CPU.ActiveCfg = Debug|Any CPU
		{2B2AEBC0-3AE0-494E-AFB0-A15B925958B5}.Debug|Any CPU.Build.0 = Debug|Any CPU
		{2B2AEBC0-3AE0-494E-AFB0-A15B925958B5}.Release|Any CPU.ActiveCfg = Release|Any CPU
		{2B2AEBC0-3AE0-494E-AFB0-A15B925958B5}.Release|Any CPU.Build.0 = Release|Any CPU
		{DFBD4D2A-CC43-48B3-A1BE-999984977C3E}.Debug|Any CPU.ActiveCfg = Debug|Any CPU
		{DFBD4D2A-CC43-48B3-A1BE-999984977C3E}.Debug|Any CPU.Build.0 = Debug|Any CPU
		{DFBD4D2A-CC43-48B3-A1BE-999984977C3E}.Release|Any CPU.ActiveCfg = Release|Any CPU
		{DFBD4D2A-CC43-48B3-A1BE-999984977C3E}.Release|Any CPU.Build.0 = Release|Any CPU
		{D7E09221-4DC2-4DCC-95E4-B68A238C9840}.Debug|Any CPU.ActiveCfg = Debug|Any CPU
		{D7E09221-4DC2-4DCC-95E4-B68A238C9840}.Debug|Any CPU.Build.0 = Debug|Any CPU
		{D7E09221-4DC2-4DCC-95E4-B68A238C9840}.Release|Any CPU.ActiveCfg = Release|Any CPU
		{D7E09221-4DC2-4DCC-95E4-B68A238C9840}.Release|Any CPU.Build.0 = Release|Any CPU
		{3DC79A28-E291-4F8D-AAF0-1BBDDFA100A4}.Debug|Any CPU.ActiveCfg = Debug|Any CPU
		{3DC79A28-E291-4F8D-AAF0-1BBDDFA100A4}.Debug|Any CPU.Build.0 = Debug|Any CPU
		{3DC79A28-E291-4F8D-AAF0-1BBDDFA100A4}.Release|Any CPU.ActiveCfg = Release|Any CPU
		{3DC79A28-E291-4F8D-AAF0-1BBDDFA100A4}.Release|Any CPU.Build.0 = Release|Any CPU
		{8EA28009-DCF0-4DBF-BA2B-97B22E6C988A}.Debug|Any CPU.ActiveCfg = Debug|Any CPU
		{8EA28009-DCF0-4DBF-BA2B-97B22E6C988A}.Debug|Any CPU.Build.0 = Debug|Any CPU
		{8EA28009-DCF0-4DBF-BA2B-97B22E6C988A}.Release|Any CPU.ActiveCfg = Release|Any CPU
		{8EA28009-DCF0-4DBF-BA2B-97B22E6C988A}.Release|Any CPU.Build.0 = Release|Any CPU
		{5729E52D-7217-4FEE-9274-E94351ACFB6A}.Debug|Any CPU.ActiveCfg = Debug|Any CPU
		{5729E52D-7217-4FEE-9274-E94351ACFB6A}.Debug|Any CPU.Build.0 = Debug|Any CPU
		{5729E52D-7217-4FEE-9274-E94351ACFB6A}.Release|Any CPU.ActiveCfg = Release|Any CPU
		{5729E52D-7217-4FEE-9274-E94351ACFB6A}.Release|Any CPU.Build.0 = Release|Any CPU
		{4311D7D4-667C-438B-A47F-7A08D3295B65}.Debug|Any CPU.ActiveCfg = Debug|Any CPU
		{4311D7D4-667C-438B-A47F-7A08D3295B65}.Debug|Any CPU.Build.0 = Debug|Any CPU
		{4311D7D4-667C-438B-A47F-7A08D3295B65}.Release|Any CPU.ActiveCfg = Release|Any CPU
		{4311D7D4-667C-438B-A47F-7A08D3295B65}.Release|Any CPU.Build.0 = Release|Any CPU
		{D8449F64-4B54-4321-B1E5-A1CF1B7100EF}.Debug|Any CPU.ActiveCfg = Debug|Any CPU
		{D8449F64-4B54-4321-B1E5-A1CF1B7100EF}.Debug|Any CPU.Build.0 = Debug|Any CPU
		{D8449F64-4B54-4321-B1E5-A1CF1B7100EF}.Release|Any CPU.ActiveCfg = Release|Any CPU
		{D8449F64-4B54-4321-B1E5-A1CF1B7100EF}.Release|Any CPU.Build.0 = Release|Any CPU
	EndGlobalSection
	GlobalSection(SolutionProperties) = preSolution
		HideSolutionNode = FALSE
	EndGlobalSection
	GlobalSection(NestedProjects) = preSolution
		{CB7AC9E0-E7BC-47A0-AC95-57376D96DF06} = {02EA681E-C7D8-13C7-8484-4AC65E1B71E8}
		{1B7B9BB6-74A0-4C40-9F11-40B7A3B5396C} = {02EA681E-C7D8-13C7-8484-4AC65E1B71E8}
		{240BD508-4232-40DB-9994-6B368F5846A4} = {02EA681E-C7D8-13C7-8484-4AC65E1B71E8}
		{BC28F87A-C0CF-47ED-848B-725161CEB386} = {67C4BC84-189D-44E2-997C-34CD25308309}
		{C5F6D0D7-FBE1-47FF-98D3-E4BAE278E46D} = {67C4BC84-189D-44E2-997C-34CD25308309}
		{5CC3BF39-173F-4CAB-AFDB-8CD12F04887B} = {67C4BC84-189D-44E2-997C-34CD25308309}
		{0E07442D-C7CB-4E05-AEFC-01816663B832} = {534787B3-FD30-4AAE-B612-20D366CC3FE7}
		{F1374283-37BA-458B-89B1-CD9BE7F74BEE} = {534787B3-FD30-4AAE-B612-20D366CC3FE7}
		{BD8185BD-DB93-4CB3-8DAB-CAB327A72DDE} = {534787B3-FD30-4AAE-B612-20D366CC3FE7}
		{ED92F4CA-61E7-47DB-B29E-B7ECD3201F32} = {2DE41C93-63BA-4C26-ACF6-CE8D165C9EAA}
		{17F6849C-7E65-4A34-84B2-63985626A777} = {2DE41C93-63BA-4C26-ACF6-CE8D165C9EAA}
		{01A7D9BD-BD96-41D9-A813-1B026460DBE4} = {2DE41C93-63BA-4C26-ACF6-CE8D165C9EAA}
		{21442A51-2DD1-455B-82B9-8C70DB55C7B2} = {EB6F5268-01B5-4827-A8EB-9CD913E8927A}
		{2B2AEBC0-3AE0-494E-AFB0-A15B925958B5} = {EB6F5268-01B5-4827-A8EB-9CD913E8927A}
		{DFBD4D2A-CC43-48B3-A1BE-999984977C3E} = {EB6F5268-01B5-4827-A8EB-9CD913E8927A}
		{D7E09221-4DC2-4DCC-95E4-B68A238C9840} = {DD78B3C8-2D47-42A3-A83B-4C372FF4BAB9}
		{3DC79A28-E291-4F8D-AAF0-1BBDDFA100A4} = {DD78B3C8-2D47-42A3-A83B-4C372FF4BAB9}
		{8EA28009-DCF0-4DBF-BA2B-97B22E6C988A} = {DD78B3C8-2D47-42A3-A83B-4C372FF4BAB9}
		{5729E52D-7217-4FEE-9274-E94351ACFB6A} = {81A34907-0E60-4AE3-885B-97BC5C70DB43}
		{4311D7D4-667C-438B-A47F-7A08D3295B65} = {81A34907-0E60-4AE3-885B-97BC5C70DB43}
		{D8449F64-4B54-4321-B1E5-A1CF1B7100EF} = {81A34907-0E60-4AE3-885B-97BC5C70DB43}
	EndGlobalSection
	GlobalSection(ExtensibilityGlobals) = postSolution
		SolutionGuid = {10CE62F6-0437-4B90-8C5D-B2F142C4E672}
	EndGlobalSection
EndGlobal
